
Microsoft Visual Studio Solution File, Format Version 12.00
# Visual Studio Version 16
VisualStudioVersion = 16.0.30413.136
MinimumVisualStudioVersion = 10.0.40219.1
Project("{FAE04EC0-301F-11D3-BF4B-00C04F79EFBC}") = "Ixiol.Console", "Ixiol.Console\Ixiol.Console.csproj", "{592A6CB1-CA0F-42DD-B74B-10005F9FC5A0}"
EndProject
Global
	GlobalSection(SolutionConfigurationPlatforms) = preSolution
		Debug|Any CPU = Debug|Any CPU
		Release|Any CPU = Release|Any CPU
	EndGlobalSection
	GlobalSection(ProjectConfigurationPlatforms) = postSolution
		{592A6CB1-CA0F-42DD-B74B-10005F9FC5A0}.Debug|Any CPU.ActiveCfg = Debug|Any CPU
		{592A6CB1-CA0F-42DD-B74B-10005F9FC5A0}.Debug|Any CPU.Build.0 = Debug|Any CPU
		{592A6CB1-CA0F-42DD-B74B-10005F9FC5A0}.Release|Any CPU.ActiveCfg = Release|Any CPU
		{592A6CB1-CA0F-42DD-B74B-10005F9FC5A0}.Release|Any CPU.Build.0 = Release|Any CPU
	EndGlobalSection
	GlobalSection(SolutionProperties) = preSolution
		HideSolutionNode = FALSE
	EndGlobalSection
	GlobalSection(ExtensibilityGlobals) = postSolution
		SolutionGuid = {4A2CB15F-CFD2-4646-8EA0-426112E8C333}
	EndGlobalSection
EndGlobal
